// !$*UTF8*$!
{
	archiveVersion = 1;
	classes = {
	};
	objectVersion = 56;
	objects = {

/* Begin PBXBuildFile section */
		26A0B51D2A721A4600A19FBD /* AppDelegate.swift in Sources */ = {isa = PBXBuildFile; fileRef = 26A0B51C2A721A4600A19FBD /* AppDelegate.swift */; };
		26A0B51F2A721A4600A19FBD /* SceneDelegate.swift in Sources */ = {isa = PBXBuildFile; fileRef = 26A0B51E2A721A4600A19FBD /* SceneDelegate.swift */; };
		26A0B5212A721A4600A19FBD /* ViewController.swift in Sources */ = {isa = PBXBuildFile; fileRef = 26A0B5202A721A4600A19FBD /* ViewController.swift */; };
		26A0B5242A721A4600A19FBD /* Main.storyboard in Resources */ = {isa = PBXBuildFile; fileRef = 26A0B5222A721A4600A19FBD /* Main.storyboard */; };
		26A0B5262A721A4700A19FBD /* Assets.xcassets in Resources */ = {isa = PBXBuildFile; fileRef = 26A0B5252A721A4700A19FBD /* Assets.xcassets */; };
		26A0B5292A721A4700A19FBD /* LaunchScreen.storyboard in Resources */ = {isa = PBXBuildFile; fileRef = 26A0B5272A721A4700A19FBD /* LaunchScreen.storyboard */; };
		26A0B5342A721A4700A19FBD /* quizieTests.swift in Sources */ = {isa = PBXBuildFile; fileRef = 26A0B5332A721A4700A19FBD /* quizieTests.swift */; };
		26A0B53E2A721A4700A19FBD /* quizieUITests.swift in Sources */ = {isa = PBXBuildFile; fileRef = 26A0B53D2A721A4700A19FBD /* quizieUITests.swift */; };
		26A0B5402A721A4700A19FBD /* quizieUITestsLaunchTests.swift in Sources */ = {isa = PBXBuildFile; fileRef = 26A0B53F2A721A4700A19FBD /* quizieUITestsLaunchTests.swift */; };
/* End PBXBuildFile section */

/* Begin PBXContainerItemProxy section */
		26A0B5302A721A4700A19FBD /* PBXContainerItemProxy */ = {
			isa = PBXContainerItemProxy;
			containerPortal = 26A0B5112A721A4600A19FBD /* Project object */;
			proxyType = 1;
			remoteGlobalIDString = 26A0B5182A721A4600A19FBD;
			remoteInfo = quizie;
		};
		26A0B53A2A721A4700A19FBD /* PBXContainerItemProxy */ = {
			isa = PBXContainerItemProxy;
			containerPortal = 26A0B5112A721A4600A19FBD /* Project object */;
			proxyType = 1;
			remoteGlobalIDString = 26A0B5182A721A4600A19FBD;
			remoteInfo = quizie;
		};
/* End PBXContainerItemProxy section */

/* Begin PBXFileReference section */
		26A0B5192A721A4600A19FBD /* quizie.app */ = {isa = PBXFileReference; explicitFileType = wrapper.application; includeInIndex = 0; path = quizie.app; sourceTree = BUILT_PRODUCTS_DIR; };
		26A0B51C2A721A4600A19FBD /* AppDelegate.swift */ = {isa = PBXFileReference; lastKnownFileType = sourcecode.swift; path = AppDelegate.swift; sourceTree = "<group>"; };
		26A0B51E2A721A4600A19FBD /* SceneDelegate.swift */ = {isa = PBXFileReference; lastKnownFileType = sourcecode.swift; path = SceneDelegate.swift; sourceTree = "<group>"; };
		26A0B5202A721A4600A19FBD /* ViewController.swift */ = {isa = PBXFileReference; lastKnownFileType = sourcecode.swift; path = ViewController.swift; sourceTree = "<group>"; };
		26A0B5232A721A4600A19FBD /* Base */ = {isa = PBXFileReference; lastKnownFileType = file.storyboard; name = Base; path = Base.lproj/Main.storyboard; sourceTree = "<group>"; };
		26A0B5252A721A4700A19FBD /* Assets.xcassets */ = {isa = PBXFileReference; lastKnownFileType = folder.assetcatalog; path = Assets.xcassets; sourceTree = "<group>"; };
		26A0B5282A721A4700A19FBD /* Base */ = {isa = PBXFileReference; lastKnownFileType = file.storyboard; name = Base; path = Base.lproj/LaunchScreen.storyboard; sourceTree = "<group>"; };
		26A0B52A2A721A4700A19FBD /* Info.plist */ = {isa = PBXFileReference; lastKnownFileType = text.plist.xml; path = Info.plist; sourceTree = "<group>"; };
		26A0B52F2A721A4700A19FBD /* quizieTests.xctest */ = {isa = PBXFileReference; explicitFileType = wrapper.cfbundle; includeInIndex = 0; path = quizieTests.xctest; sourceTree = BUILT_PRODUCTS_DIR; };
		26A0B5332A721A4700A19FBD /* quizieTests.swift */ = {isa = PBXFileReference; lastKnownFileType = sourcecode.swift; path = quizieTests.swift; sourceTree = "<group>"; };
		26A0B5392A721A4700A19FBD /* quizieUITests.xctest */ = {isa = PBXFileReference; explicitFileType = wrapper.cfbundle; includeInIndex = 0; path = quizieUITests.xctest; sourceTree = BUILT_PRODUCTS_DIR; };
		26A0B53D2A721A4700A19FBD /* quizieUITests.swift */ = {isa = PBXFileReference; lastKnownFileType = sourcecode.swift; path = quizieUITests.swift; sourceTree = "<group>"; };
		26A0B53F2A721A4700A19FBD /* quizieUITestsLaunchTests.swift */ = {isa = PBXFileReference; lastKnownFileType = sourcecode.swift; path = quizieUITestsLaunchTests.swift; sourceTree = "<group>"; };
/* End PBXFileReference section */

/* Begin PBXFrameworksBuildPhase section */
		26A0B5162A721A4600A19FBD /* Frameworks */ = {
			isa = PBXFrameworksBuildPhase;
			buildActionMask = 2147483647;
			files = (
			);
			runOnlyForDeploymentPostprocessing = 0;
		};
		26A0B52C2A721A4700A19FBD /* Frameworks */ = {
			isa = PBXFrameworksBuildPhase;
			buildActionMask = 2147483647;
			files = (
			);
			runOnlyForDeploymentPostprocessing = 0;
		};
		26A0B5362A721A4700A19FBD /* Frameworks */ = {
			isa = PBXFrameworksBuildPhase;
			buildActionMask = 2147483647;
			files = (
			);
			runOnlyForDeploymentPostprocessing = 0;
		};
/* End PBXFrameworksBuildPhase section */

/* Begin PBXGroup section */
		26A0B5102A721A4600A19FBD = {
			isa = PBXGroup;
			children = (
				26A0B51B2A721A4600A19FBD /* quizie */,
				26A0B5322A721A4700A19FBD /* quizieTests */,
				26A0B53C2A721A4700A19FBD /* quizieUITests */,
				26A0B51A2A721A4600A19FBD /* Products */,
			);
			sourceTree = "<group>";
		};
		26A0B51A2A721A4600A19FBD /* Products */ = {
			isa = PBXGroup;
			children = (
				26A0B5192A721A4600A19FBD /* quizie.app */,
				26A0B52F2A721A4700A19FBD /* quizieTests.xctest */,
				26A0B5392A721A4700A19FBD /* quizieUITests.xctest */,
			);
			name = Products;
			sourceTree = "<group>";
		};
		26A0B51B2A721A4600A19FBD /* quizie */ = {
			isa = PBXGroup;
			children = (
				26A0B51C2A721A4600A19FBD /* AppDelegate.swift */,
				26A0B51E2A721A4600A19FBD /* SceneDelegate.swift */,
				26A0B5202A721A4600A19FBD /* ViewController.swift */,
				26A0B5222A721A4600A19FBD /* Main.storyboard */,
				26A0B5252A721A4700A19FBD /* Assets.xcassets */,
				26A0B5272A721A4700A19FBD /* LaunchScreen.storyboard */,
				26A0B52A2A721A4700A19FBD /* Info.plist */,
			);
			path = quizie;
			sourceTree = "<group>";
		};
		26A0B5322A721A4700A19FBD /* quizieTests */ = {
			isa = PBXGroup;
			children = (
				26A0B5332A721A4700A19FBD /* quizieTests.swift */,
			);
			path = quizieTests;
			sourceTree = "<group>";
		};
		26A0B53C2A721A4700A19FBD /* quizieUITests */ = {
			isa = PBXGroup;
			children = (
				26A0B53D2A721A4700A19FBD /* quizieUITests.swift */,
				26A0B53F2A721A4700A19FBD /* quizieUITestsLaunchTests.swift */,
			);
			path = quizieUITests;
			sourceTree = "<group>";
		};
/* End PBXGroup section */

/* Begin PBXNativeTarget section */
		26A0B5182A721A4600A19FBD /* quizie */ = {
			isa = PBXNativeTarget;
			buildConfigurationList = 26A0B5432A721A4700A19FBD /* Build configuration list for PBXNativeTarget "quizie" */;
			buildPhases = (
				26A0B5152A721A4600A19FBD /* Sources */,
				26A0B5162A721A4600A19FBD /* Frameworks */,
				26A0B5172A721A4600A19FBD /* Resources */,
			);
			buildRules = (
			);
			dependencies = (
			);
			name = quizie;
			productName = quizie;
			productReference = 26A0B5192A721A4600A19FBD /* quizie.app */;
			productType = "com.apple.product-type.application";
		};
		26A0B52E2A721A4700A19FBD /* quizieTests */ = {
			isa = PBXNativeTarget;
			buildConfigurationList = 26A0B5462A721A4700A19FBD /* Build configuration list for PBXNativeTarget "quizieTests" */;
			buildPhases = (
				26A0B52B2A721A4700A19FBD /* Sources */,
				26A0B52C2A721A4700A19FBD /* Frameworks */,
				26A0B52D2A721A4700A19FBD /* Resources */,
			);
			buildRules = (
			);
			dependencies = (
				26A0B5312A721A4700A19FBD /* PBXTargetDependency */,
			);
			name = quizieTests;
			productName = quizieTests;
			productReference = 26A0B52F2A721A4700A19FBD /* quizieTests.xctest */;
			productType = "com.apple.product-type.bundle.unit-test";
		};
		26A0B5382A721A4700A19FBD /* quizieUITests */ = {
			isa = PBXNativeTarget;
			buildConfigurationList = 26A0B5492A721A4700A19FBD /* Build configuration list for PBXNativeTarget "quizieUITests" */;
			buildPhases = (
				26A0B5352A721A4700A19FBD /* Sources */,
				26A0B5362A721A4700A19FBD /* Frameworks */,
				26A0B5372A721A4700A19FBD /* Resources */,
			);
			buildRules = (
			);
			dependencies = (
				26A0B53B2A721A4700A19FBD /* PBXTargetDependency */,
			);
			name = quizieUITests;
			productName = quizieUITests;
			productReference = 26A0B5392A721A4700A19FBD /* quizieUITests.xctest */;
			productType = "com.apple.product-type.bundle.ui-testing";
		};
/* End PBXNativeTarget section */

/* Begin PBXProject section */
		26A0B5112A721A4600A19FBD /* Project object */ = {
			isa = PBXProject;
			attributes = {
				BuildIndependentTargetsInParallel = 1;
				LastSwiftUpdateCheck = 1430;
				LastUpgradeCheck = 1430;
				TargetAttributes = {
					26A0B5182A721A4600A19FBD = {
						CreatedOnToolsVersion = 14.3.1;
					};
					26A0B52E2A721A4700A19FBD = {
						CreatedOnToolsVersion = 14.3.1;
						TestTargetID = 26A0B5182A721A4600A19FBD;
					};
					26A0B5382A721A4700A19FBD = {
						CreatedOnToolsVersion = 14.3.1;
						TestTargetID = 26A0B5182A721A4600A19FBD;
					};
				};
			};
			buildConfigurationList = 26A0B5142A721A4600A19FBD /* Build configuration list for PBXProject "quizie" */;
			compatibilityVersion = "Xcode 14.0";
			developmentRegion = en;
			hasScannedForEncodings = 0;
			knownRegions = (
				en,
				Base,
			);
			mainGroup = 26A0B5102A721A4600A19FBD;
			productRefGroup = 26A0B51A2A721A4600A19FBD /* Products */;
			projectDirPath = "";
			projectRoot = "";
			targets = (
				26A0B5182A721A4600A19FBD /* quizie */,
				26A0B52E2A721A4700A19FBD /* quizieTests */,
				26A0B5382A721A4700A19FBD /* quizieUITests */,
			);
		};
/* End PBXProject section */

/* Begin PBXResourcesBuildPhase section */
		26A0B5172A721A4600A19FBD /* Resources */ = {
			isa = PBXResourcesBuildPhase;
			buildActionMask = 2147483647;
			files = (
				26A0B5292A721A4700A19FBD /* LaunchScreen.storyboard in Resources */,
				26A0B5262A721A4700A19FBD /* Assets.xcassets in Resources */,
				26A0B5242A721A4600A19FBD /* Main.storyboard in Resources */,
			);
			runOnlyForDeploymentPostprocessing = 0;
		};
		26A0B52D2A721A4700A19FBD /* Resources */ = {
			isa = PBXResourcesBuildPhase;
			buildActionMask = 2147483647;
			files = (
			);
			runOnlyForDeploymentPostprocessing = 0;
		};
		26A0B5372A721A4700A19FBD /* Resources */ = {
			isa = PBXResourcesBuildPhase;
			buildActionMask = 2147483647;
			files = (
			);
			runOnlyForDeploymentPostprocessing = 0;
		};
/* End PBXResourcesBuildPhase section */

/* Begin PBXSourcesBuildPhase section */
		26A0B5152A721A4600A19FBD /* Sources */ = {
			isa = PBXSourcesBuildPhase;
			buildActionMask = 2147483647;
			files = (
				26A0B5212A721A4600A19FBD /* ViewController.swift in Sources */,
				26A0B51D2A721A4600A19FBD /* AppDelegate.swift in Sources */,
				26A0B51F2A721A4600A19FBD /* SceneDelegate.swift in Sources */,
			);
			runOnlyForDeploymentPostprocessing = 0;
		};
		26A0B52B2A721A4700A19FBD /* Sources */ = {
			isa = PBXSourcesBuildPhase;
			buildActionMask = 2147483647;
			files = (
				26A0B5342A721A4700A19FBD /* quizieTests.swift in Sources */,
			);
			runOnlyForDeploymentPostprocessing = 0;
		};
		26A0B5352A721A4700A19FBD /* Sources */ = {
			isa = PBXSourcesBuildPhase;
			buildActionMask = 2147483647;
			files = (
				26A0B53E2A721A4700A19FBD /* quizieUITests.swift in Sources */,
				26A0B5402A721A4700A19FBD /* quizieUITestsLaunchTests.swift in Sources */,
			);
			runOnlyForDeploymentPostprocessing = 0;
		};
/* End PBXSourcesBuildPhase section */

/* Begin PBXTargetDependency section */
		26A0B5312A721A4700A19FBD /* PBXTargetDependency */ = {
			isa = PBXTargetDependency;
			target = 26A0B5182A721A4600A19FBD /* quizie */;
			targetProxy = 26A0B5302A721A4700A19FBD /* PBXContainerItemProxy */;
		};
		26A0B53B2A721A4700A19FBD /* PBXTargetDependency */ = {
			isa = PBXTargetDependency;
			target = 26A0B5182A721A4600A19FBD /* quizie */;
			targetProxy = 26A0B53A2A721A4700A19FBD /* PBXContainerItemProxy */;
		};
/* End PBXTargetDependency section */

/* Begin PBXVariantGroup section */
		26A0B5222A721A4600A19FBD /* Main.storyboard */ = {
			isa = PBXVariantGroup;
			children = (
				26A0B5232A721A4600A19FBD /* Base */,
			);
			name = Main.storyboard;
			sourceTree = "<group>";
		};
		26A0B5272A721A4700A19FBD /* LaunchScreen.storyboard */ = {
			isa = PBXVariantGroup;
			children = (
				26A0B5282A721A4700A19FBD /* Base */,
			);
			name = LaunchScreen.storyboard;
			sourceTree = "<group>";
		};
/* End PBXVariantGroup section */

/* Begin XCBuildConfiguration section */
		26A0B5412A721A4700A19FBD /* Debug */ = {
			isa = XCBuildConfiguration;
			buildSettings = {
				ALWAYS_SEARCH_USER_PATHS = NO;
				CLANG_ANALYZER_NONNULL = YES;
				CLANG_ANALYZER_NUMBER_OBJECT_CONVERSION = YES_AGGRESSIVE;
				CLANG_CXX_LANGUAGE_STANDARD = "gnu++20";
				CLANG_ENABLE_MODULES = YES;
				CLANG_ENABLE_OBJC_ARC = YES;
				CLANG_ENABLE_OBJC_WEAK = YES;
				CLANG_WARN_BLOCK_CAPTURE_AUTORELEASING = YES;
				CLANG_WARN_BOOL_CONVERSION = YES;
				CLANG_WARN_COMMA = YES;
				CLANG_WARN_CONSTANT_CONVERSION = YES;
				CLANG_WARN_DEPRECATED_OBJC_IMPLEMENTATIONS = YES;
				CLANG_WARN_DIRECT_OBJC_ISA_USAGE = YES_ERROR;
				CLANG_WARN_DOCUMENTATION_COMMENTS = YES;
				CLANG_WARN_EMPTY_BODY = YES;
				CLANG_WARN_ENUM_CONVERSION = YES;
				CLANG_WARN_INFINITE_RECURSION = YES;
				CLANG_WARN_INT_CONVERSION = YES;
				CLANG_WARN_NON_LITERAL_NULL_CONVERSION = YES;
				CLANG_WARN_OBJC_IMPLICIT_RETAIN_SELF = YES;
				CLANG_WARN_OBJC_LITERAL_CONVERSION = YES;
				CLANG_WARN_OBJC_ROOT_CLASS = YES_ERROR;
				CLANG_WARN_QUOTED_INCLUDE_IN_FRAMEWORK_HEADER = YES;
				CLANG_WARN_RANGE_LOOP_ANALYSIS = YES;
				CLANG_WARN_STRICT_PROTOTYPES = YES;
				CLANG_WARN_SUSPICIOUS_MOVE = YES;
				CLANG_WARN_UNGUARDED_AVAILABILITY = YES_AGGRESSIVE;
				CLANG_WARN_UNREACHABLE_CODE = YES;
				CLANG_WARN__DUPLICATE_METHOD_MATCH = YES;
				COPY_PHASE_STRIP = NO;
				DEBUG_INFORMATION_FORMAT = dwarf;
				ENABLE_STRICT_OBJC_MSGSEND = YES;
				ENABLE_TESTABILITY = YES;
				GCC_C_LANGUAGE_STANDARD = gnu11;
				GCC_DYNAMIC_NO_PIC = NO;
				GCC_NO_COMMON_BLOCKS = YES;
				GCC_OPTIMIZATION_LEVEL = 0;
				GCC_PREPROCESSOR_DEFINITIONS = (
					"DEBUG=1",
					"$(inherited)",
				);
				GCC_WARN_64_TO_32_BIT_CONVERSION = YES;
				GCC_WARN_ABOUT_RETURN_TYPE = YES_ERROR;
				GCC_WARN_UNDECLARED_SELECTOR = YES;
				GCC_WARN_UNINITIALIZED_AUTOS = YES_AGGRESSIVE;
				GCC_WARN_UNUSED_FUNCTION = YES;
				GCC_WARN_UNUSED_VARIABLE = YES;
				IPHONEOS_DEPLOYMENT_TARGET = 16.4;
				MTL_ENABLE_DEBUG_INFO = INCLUDE_SOURCE;
				MTL_FAST_MATH = YES;
				ONLY_ACTIVE_ARCH = YES;
				SDKROOT = iphoneos;
				SWIFT_ACTIVE_COMPILATION_CONDITIONS = DEBUG;
				SWIFT_OPTIMIZATION_LEVEL = "-Onone";
			};
			name = Debug;
		};
		26A0B5422A721A4700A19FBD /* Release */ = {
			isa = XCBuildConfiguration;
			buildSettings = {
				ALWAYS_SEARCH_USER_PATHS = NO;
				CLANG_ANALYZER_NONNULL = YES;
				CLANG_ANALYZER_NUMBER_OBJECT_CONVERSION = YES_AGGRESSIVE;
				CLANG_CXX_LANGUAGE_STANDARD = "gnu++20";
				CLANG_ENABLE_MODULES = YES;
				CLANG_ENABLE_OBJC_ARC = YES;
				CLANG_ENABLE_OBJC_WEAK = YES;
				CLANG_WARN_BLOCK_CAPTURE_AUTORELEASING = YES;
				CLANG_WARN_BOOL_CONVERSION = YES;
				CLANG_WARN_COMMA = YES;
				CLANG_WARN_CONSTANT_CONVERSION = YES;
				CLANG_WARN_DEPRECATED_OBJC_IMPLEMENTATIONS = YES;
				CLANG_WARN_DIRECT_OBJC_ISA_USAGE = YES_ERROR;
				CLANG_WARN_DOCUMENTATION_COMMENTS = YES;
				CLANG_WARN_EMPTY_BODY = YES;
				CLANG_WARN_ENUM_CONVERSION = YES;
				CLANG_WARN_INFINITE_RECURSION = YES;
				CLANG_WARN_INT_CONVERSION = YES;
				CLANG_WARN_NON_LITERAL_NULL_CONVERSION = YES;
				CLANG_WARN_OBJC_IMPLICIT_RETAIN_SELF = YES;
				CLANG_WARN_OBJC_LITERAL_CONVERSION = YES;
				CLANG_WARN_OBJC_ROOT_CLASS = YES_ERROR;
				CLANG_WARN_QUOTED_INCLUDE_IN_FRAMEWORK_HEADER = YES;
				CLANG_WARN_RANGE_LOOP_ANALYSIS = YES;
				CLANG_WARN_STRICT_PROTOTYPES = YES;
				CLANG_WARN_SUSPICIOUS_MOVE = YES;
				CLANG_WARN_UNGUARDED_AVAILABILITY = YES_AGGRESSIVE;
				CLANG_WARN_UNREACHABLE_CODE = YES;
				CLANG_WARN__DUPLICATE_METHOD_MATCH = YES;
				COPY_PHASE_STRIP = NO;
				DEBUG_INFORMATION_FORMAT = "dwarf-with-dsym";
				ENABLE_NS_ASSERTIONS = NO;
				ENABLE_STRICT_OBJC_MSGSEND = YES;
				GCC_C_LANGUAGE_STANDARD = gnu11;
				GCC_NO_COMMON_BLOCKS = YES;
				GCC_WARN_64_TO_32_BIT_CONVERSION = YES;
				GCC_WARN_ABOUT_RETURN_TYPE = YES_ERROR;
				GCC_WARN_UNDECLARED_SELECTOR = YES;
				GCC_WARN_UNINITIALIZED_AUTOS = YES_AGGRESSIVE;
				GCC_WARN_UNUSED_FUNCTION = YES;
				GCC_WARN_UNUSED_VARIABLE = YES;
				IPHONEOS_DEPLOYMENT_TARGET = 16.4;
				MTL_ENABLE_DEBUG_INFO = NO;
				MTL_FAST_MATH = YES;
				SDKROOT = iphoneos;
				SWIFT_COMPILATION_MODE = wholemodule;
				SWIFT_OPTIMIZATION_LEVEL = "-O";
				VALIDATE_PRODUCT = YES;
			};
			name = Release;
		};
		26A0B5442A721A4700A19FBD /* Debug */ = {
			isa = XCBuildConfiguration;
			buildSettings = {
				ASSETCATALOG_COMPILER_APPICON_NAME = AppIcon;
				ASSETCATALOG_COMPILER_GLOBAL_ACCENT_COLOR_NAME = AccentColor;
				CODE_SIGN_STYLE = Automatic;
				CURRENT_PROJECT_VERSION = 1;
				DEVELOPMENT_TEAM = 89HTJNR8K2;
				GENERATE_INFOPLIST_FILE = YES;
				INFOPLIST_FILE = quizie/Info.plist;
				INFOPLIST_KEY_UIApplicationSupportsIndirectInputEvents = YES;
				INFOPLIST_KEY_UILaunchStoryboardName = LaunchScreen;
				INFOPLIST_KEY_UIMainStoryboardFile = Main;
				INFOPLIST_KEY_UISupportedInterfaceOrientations_iPad = "UIInterfaceOrientationPortrait UIInterfaceOrientationPortraitUpsideDown UIInterfaceOrientationLandscapeLeft UIInterfaceOrientationLandscapeRight";
				INFOPLIST_KEY_UISupportedInterfaceOrientations_iPhone = "UIInterfaceOrientationPortrait UIInterfaceOrientationLandscapeLeft UIInterfaceOrientationLandscapeRight";
				LD_RUNPATH_SEARCH_PATHS = (
					"$(inherited)",
					"@executable_path/Frameworks",
				);
				MARKETING_VERSION = 1.0;
				PRODUCT_BUNDLE_IDENTIFIER = mrityunjay.quizie;
				PRODUCT_NAME = "$(TARGET_NAME)";
				SWIFT_EMIT_LOC_STRINGS = YES;
				SWIFT_VERSION = 5.0;
				TARGETED_DEVICE_FAMILY = "1,2";
			};
			name = Debug;
		};
		26A0B5452A721A4700A19FBD /* Release */ = {
			isa = XCBuildConfiguration;
			buildSettings = {
				ASSETCATALOG_COMPILER_APPICON_NAME = AppIcon;
				ASSETCATALOG_COMPILER_GLOBAL_ACCENT_COLOR_NAME = AccentColor;
				CODE_SIGN_STYLE = Automatic;
				CURRENT_PROJECT_VERSION = 1;
				DEVELOPMENT_TEAM = 89HTJNR8K2;
				GENERATE_INFOPLIST_FILE = YES;
				INFOPLIST_FILE = quizie/Info.plist;
				INFOPLIST_KEY_UIApplicationSupportsIndirectInputEvents = YES;
				INFOPLIST_KEY_UILaunchStoryboardName = LaunchScreen;
				INFOPLIST_KEY_UIMainStoryboardFile = Main;
				INFOPLIST_KEY_UISupportedInterfaceOrientations_iPad = "UIInterfaceOrientationPortrait UIInterfaceOrientationPortraitUpsideDown UIInterfaceOrientationLandscapeLeft UIInterfaceOrientationLandscapeRight";
				INFOPLIST_KEY_UISupportedInterfaceOrientations_iPhone = "UIInterfaceOrientationPortrait UIInterfaceOrientationLandscapeLeft UIInterfaceOrientationLandscapeRight";
				LD_RUNPATH_SEARCH_PATHS = (
					"$(inherited)",
					"@executable_path/Frameworks",
				);
				MARKETING_VERSION = 1.0;
				PRODUCT_BUNDLE_IDENTIFIER = mrityunjay.quizie;
				PRODUCT_NAME = "$(TARGET_NAME)";
				SWIFT_EMIT_LOC_STRINGS = YES;
				SWIFT_VERSION = 5.0;
				TARGETED_DEVICE_FAMILY = "1,2";
			};
			name = Release;
		};
		26A0B5472A721A4700A19FBD /* Debug */ = {
			isa = XCBuildConfiguration;
			buildSettings = {
				ALWAYS_EMBED_SWIFT_STANDARD_LIBRARIES = YES;
				BUNDLE_LOADER = "$(TEST_HOST)";
				CODE_SIGN_STYLE = Automatic;
				CURRENT_PROJECT_VERSION = 1;
				DEVELOPMENT_TEAM = 89HTJNR8K2;
				GENERATE_INFOPLIST_FILE = YES;
				IPHONEOS_DEPLOYMENT_TARGET = 16.4;
				MARKETING_VERSION = 1.0;
				PRODUCT_BUNDLE_IDENTIFIER = mrityunjay.quizieTests;
				PRODUCT_NAME = "$(TARGET_NAME)";
				SWIFT_EMIT_LOC_STRINGS = NO;
				SWIFT_VERSION = 5.0;
				TARGETED_DEVICE_FAMILY = "1,2";
				TEST_HOST = "$(BUILT_PRODUCTS_DIR)/quizie.app/$(BUNDLE_EXECUTABLE_FOLDER_PATH)/quizie";
			};
			name = Debug;
		};
		26A0B5482A721A4700A19FBD /* Release */ = {
			isa = XCBuildConfiguration;
			buildSettings = {
				ALWAYS_EMBED_SWIFT_STANDARD_LIBRARIES = YES;
				BUNDLE_LOADER = "$(TEST_HOST)";
				CODE_SIGN_STYLE = Automatic;
				CURRENT_PROJECT_VERSION = 1;
				DEVELOPMENT_TEAM = 89HTJNR8K2;
				GENERATE_INFOPLIST_FILE = YES;
				IPHONEOS_DEPLOYMENT_TARGET = 16.4;
				MARKETING_VERSION = 1.0;
				PRODUCT_BUNDLE_IDENTIFIER = mrityunjay.quizieTests;
				PRODUCT_NAME = "$(TARGET_NAME)";
				SWIFT_EMIT_LOC_STRINGS = NO;
				SWIFT_VERSION = 5.0;
				TARGETED_DEVICE_FAMILY = "1,2";
				TEST_HOST = "$(BUILT_PRODUCTS_DIR)/quizie.app/$(BUNDLE_EXECUTABLE_FOLDER_PATH)/quizie";
			};
			name = Release;
		};
		26A0B54A2A721A4700A19FBD /* Debug */ = {
			isa = XCBuildConfiguration;
			buildSettings = {
				ALWAYS_EMBED_SWIFT_STANDARD_LIBRARIES = YES;
				CODE_SIGN_STYLE = Automatic;
				CURRENT_PROJECT_VERSION = 1;
				DEVELOPMENT_TEAM = 89HTJNR8K2;
				GENERATE_INFOPLIST_FILE = YES;
				MARKETING_VERSION = 1.0;
				PRODUCT_BUNDLE_IDENTIFIER = mrityunjay.quizieUITests;
				PRODUCT_NAME = "$(TARGET_NAME)";
				SWIFT_EMIT_LOC_STRINGS = NO;
				SWIFT_VERSION = 5.0;
				TARGETED_DEVICE_FAMILY = "1,2";
				TEST_TARGET_NAME = quizie;
			};
			name = Debug;
		};
		26A0B54B2A721A4700A19FBD /* Release */ = {
			isa = XCBuildConfiguration;
			buildSettings = {
				ALWAYS_EMBED_SWIFT_STANDARD_LIBRARIES = YES;
				CODE_SIGN_STYLE = Automatic;
				CURRENT_PROJECT_VERSION = 1;
				DEVELOPMENT_TEAM = 89HTJNR8K2;
				GENERATE_INFOPLIST_FILE = YES;
				MARKETING_VERSION = 1.0;
				PRODUCT_BUNDLE_IDENTIFIER = mrityunjay.quizieUITests;
				PRODUCT_NAME = "$(TARGET_NAME)";
				SWIFT_EMIT_LOC_STRINGS = NO;
				SWIFT_VERSION = 5.0;
				TARGETED_DEVICE_FAMILY = "1,2";
				TEST_TARGET_NAME = quizie;
			};
			name = Release;
		};
/* End XCBuildConfiguration section */

/* Begin XCConfigurationList section */
		26A0B5142A721A4600A19FBD /* Build configuration list for PBXProject "quizie" */ = {
			isa = XCConfigurationList;
			buildConfigurations = (
				26A0B5412A721A4700A19FBD /* Debug */,
				26A0B5422A721A4700A19FBD /* Release */,
			);
			defaultConfigurationIsVisible = 0;
			defaultConfigurationName = Release;
		};
		26A0B5432A721A4700A19FBD /* Build configuration list for PBXNativeTarget "quizie" */ = {
			isa = XCConfigurationList;
			buildConfigurations = (
				26A0B5442A721A4700A19FBD /* Debug */,
				26A0B5452A721A4700A19FBD /* Release */,
			);
			defaultConfigurationIsVisible = 0;
			defaultConfigurationName = Release;
		};
		26A0B5462A721A4700A19FBD /* Build configuration list for PBXNativeTarget "quizieTests" */ = {
			isa = XCConfigurationList;
			buildConfigurations = (
				26A0B5472A721A4700A19FBD /* Debug */,
				26A0B5482A721A4700A19FBD /* Release */,
			);
			defaultConfigurationIsVisible = 0;
			defaultConfigurationName = Release;
		};
		26A0B5492A721A4700A19FBD /* Build configuration list for PBXNativeTarget "quizieUITests" */ = {
			isa = XCConfigurationList;
			buildConfigurations = (
				26A0B54A2A721A4700A19FBD /* Debug */,
				26A0B54B2A721A4700A19FBD /* Release */,
			);
			defaultConfigurationIsVisible = 0;
			defaultConfigurationName = Release;
		};
/* End XCConfigurationList section */
	};
	rootObject = 26A0B5112A721A4600A19FBD /* Project object */;
}
